// !$*UTF8*$!
{
	archiveVersion = 1;
	classes = {
	};
	objectVersion = 56;
	objects = {

/* Begin PBXBuildFile section */
		743C73392BB6EDA3008392B9 /* PathNavigator.h in Headers */ = {isa = PBXBuildFile; fileRef = 743C73382BB6EDA3008392B9 /* PathNavigator.h */; settings = {ATTRIBUTES = (Public, ); }; };
		743C73462BB6EE1B008392B9 /* URLPathComponent.swift in Sources */ = {isa = PBXBuildFile; fileRef = 743C73412BB6EE1B008392B9 /* URLPathComponent.swift */; };
		743C73472BB6EE1B008392B9 /* URLMatchResult.swift in Sources */ = {isa = PBXBuildFile; fileRef = 743C73422BB6EE1B008392B9 /* URLMatchResult.swift */; };
		743C73482BB6EE1B008392B9 /* URLPatchComponentMatchResult.swift in Sources */ = {isa = PBXBuildFile; fileRef = 743C73432BB6EE1B008392B9 /* URLPatchComponentMatchResult.swift */; };
		743C73492BB6EE1B008392B9 /* URLConvertible.swift in Sources */ = {isa = PBXBuildFile; fileRef = 743C73442BB6EE1B008392B9 /* URLConvertible.swift */; };
		743C734A2BB6EE1B008392B9 /* URLMatcher.swift in Sources */ = {isa = PBXBuildFile; fileRef = 743C73452BB6EE1B008392B9 /* URLMatcher.swift */; };
		743C73502BB6EE21008392B9 /* NavigatorProtocol.swift in Sources */ = {isa = PBXBuildFile; fileRef = 743C734B2BB6EE21008392B9 /* NavigatorProtocol.swift */; };
		743C73512BB6EE21008392B9 /* NavigatorDelegate.swift in Sources */ = {isa = PBXBuildFile; fileRef = 743C734C2BB6EE21008392B9 /* NavigatorDelegate.swift */; };
		743C73522BB6EE21008392B9 /* UIViewController+TopMostViewController.swift in Sources */ = {isa = PBXBuildFile; fileRef = 743C734D2BB6EE21008392B9 /* UIViewController+TopMostViewController.swift */; };
		743C73532BB6EE21008392B9 /* Navigator.swift in Sources */ = {isa = PBXBuildFile; fileRef = 743C734E2BB6EE21008392B9 /* Navigator.swift */; };
		743C73542BB6EE21008392B9 /* UIViewControllerType.swift in Sources */ = {isa = PBXBuildFile; fileRef = 743C734F2BB6EE21008392B9 /* UIViewControllerType.swift */; };
/* End PBXBuildFile section */

/* Begin PBXFileReference section */
		743C73352BB6EDA3008392B9 /* PathNavigator.framework */ = {isa = PBXFileReference; explicitFileType = wrapper.framework; includeInIndex = 0; path = PathNavigator.framework; sourceTree = BUILT_PRODUCTS_DIR; };
		743C73382BB6EDA3008392B9 /* PathNavigator.h */ = {isa = PBXFileReference; lastKnownFileType = sourcecode.c.h; path = PathNavigator.h; sourceTree = "<group>"; };
		743C73412BB6EE1B008392B9 /* URLPathComponent.swift */ = {isa = PBXFileReference; fileEncoding = 4; lastKnownFileType = sourcecode.swift; path = URLPathComponent.swift; sourceTree = "<group>"; };
		743C73422BB6EE1B008392B9 /* URLMatchResult.swift */ = {isa = PBXFileReference; fileEncoding = 4; lastKnownFileType = sourcecode.swift; path = URLMatchResult.swift; sourceTree = "<group>"; };
		743C73432BB6EE1B008392B9 /* URLPatchComponentMatchResult.swift */ = {isa = PBXFileReference; fileEncoding = 4; lastKnownFileType = sourcecode.swift; path = URLPatchComponentMatchResult.swift; sourceTree = "<group>"; };
		743C73442BB6EE1B008392B9 /* URLConvertible.swift */ = {isa = PBXFileReference; fileEncoding = 4; lastKnownFileType = sourcecode.swift; path = URLConvertible.swift; sourceTree = "<group>"; };
		743C73452BB6EE1B008392B9 /* URLMatcher.swift */ = {isa = PBXFileReference; fileEncoding = 4; lastKnownFileType = sourcecode.swift; path = URLMatcher.swift; sourceTree = "<group>"; };
		743C734B2BB6EE21008392B9 /* NavigatorProtocol.swift */ = {isa = PBXFileReference; fileEncoding = 4; lastKnownFileType = sourcecode.swift; path = NavigatorProtocol.swift; sourceTree = "<group>"; };
		743C734C2BB6EE21008392B9 /* NavigatorDelegate.swift */ = {isa = PBXFileReference; fileEncoding = 4; lastKnownFileType = sourcecode.swift; path = NavigatorDelegate.swift; sourceTree = "<group>"; };
		743C734D2BB6EE21008392B9 /* UIViewController+TopMostViewController.swift */ = {isa = PBXFileReference; fileEncoding = 4; lastKnownFileType = sourcecode.swift; path = "UIViewController+TopMostViewController.swift"; sourceTree = "<group>"; };
		743C734E2BB6EE21008392B9 /* Navigator.swift */ = {isa = PBXFileReference; fileEncoding = 4; lastKnownFileType = sourcecode.swift; path = Navigator.swift; sourceTree = "<group>"; };
		743C734F2BB6EE21008392B9 /* UIViewControllerType.swift */ = {isa = PBXFileReference; fileEncoding = 4; lastKnownFileType = sourcecode.swift; path = UIViewControllerType.swift; sourceTree = "<group>"; };
/* End PBXFileReference section */

/* Begin PBXFrameworksBuildPhase section */
		743C73322BB6EDA3008392B9 /* Frameworks */ = {
			isa = PBXFrameworksBuildPhase;
			buildActionMask = 2147483647;
			files = (
			);
			runOnlyForDeploymentPostprocessing = 0;
		};
/* End PBXFrameworksBuildPhase section */

/* Begin PBXGroup section */
		743C732B2BB6EDA3008392B9 = {
			isa = PBXGroup;
			children = (
				743C73372BB6EDA3008392B9 /* PathNavigator */,
				743C73362BB6EDA3008392B9 /* Products */,
			);
			sourceTree = "<group>";
		};
		743C73362BB6EDA3008392B9 /* Products */ = {
			isa = PBXGroup;
			children = (
				743C73352BB6EDA3008392B9 /* PathNavigator.framework */,
			);
			name = Products;
			sourceTree = "<group>";
		};
		743C73372BB6EDA3008392B9 /* PathNavigator */ = {
			isa = PBXGroup;
			children = (
				743C73402BB6EDD8008392B9 /* Navigator */,
				743C733F2BB6EDCD008392B9 /* Matcher */,
				743C73382BB6EDA3008392B9 /* PathNavigator.h */,
			);
			path = PathNavigator;
			sourceTree = "<group>";
		};
		743C733F2BB6EDCD008392B9 /* Matcher */ = {
			isa = PBXGroup;
			children = (
				743C73442BB6EE1B008392B9 /* URLConvertible.swift */,
				743C73452BB6EE1B008392B9 /* URLMatcher.swift */,
				743C73422BB6EE1B008392B9 /* URLMatchResult.swift */,
				743C73432BB6EE1B008392B9 /* URLPatchComponentMatchResult.swift */,
				743C73412BB6EE1B008392B9 /* URLPathComponent.swift */,
			);
			path = Matcher;
			sourceTree = "<group>";
		};
		743C73402BB6EDD8008392B9 /* Navigator */ = {
			isa = PBXGroup;
			children = (
				743C734E2BB6EE21008392B9 /* Navigator.swift */,
				743C734C2BB6EE21008392B9 /* NavigatorDelegate.swift */,
				743C734B2BB6EE21008392B9 /* NavigatorProtocol.swift */,
				743C734D2BB6EE21008392B9 /* UIViewController+TopMostViewController.swift */,
				743C734F2BB6EE21008392B9 /* UIViewControllerType.swift */,
			);
			path = Navigator;
			sourceTree = "<group>";
		};
/* End PBXGroup section */

/* Begin PBXHeadersBuildPhase section */
		743C73302BB6EDA3008392B9 /* Headers */ = {
			isa = PBXHeadersBuildPhase;
			buildActionMask = 2147483647;
			files = (
				743C73392BB6EDA3008392B9 /* PathNavigator.h in Headers */,
			);
			runOnlyForDeploymentPostprocessing = 0;
		};
/* End PBXHeadersBuildPhase section */

/* Begin PBXNativeTarget section */
		743C73342BB6EDA3008392B9 /* PathNavigator */ = {
			isa = PBXNativeTarget;
			buildConfigurationList = 743C733C2BB6EDA3008392B9 /* Build configuration list for PBXNativeTarget "PathNavigator" */;
			buildPhases = (
				743C73302BB6EDA3008392B9 /* Headers */,
				743C73312BB6EDA3008392B9 /* Sources */,
				743C73322BB6EDA3008392B9 /* Frameworks */,
				743C73332BB6EDA3008392B9 /* Resources */,
			);
			buildRules = (
			);
			dependencies = (
			);
			name = PathNavigator;
			productName = PathNavigator;
			productReference = 743C73352BB6EDA3008392B9 /* PathNavigator.framework */;
			productType = "com.apple.product-type.framework";
		};
/* End PBXNativeTarget section */

/* Begin PBXProject section */
		743C732C2BB6EDA3008392B9 /* Project object */ = {
			isa = PBXProject;
			attributes = {
				BuildIndependentTargetsInParallel = 1;
				LastUpgradeCheck = 1520;
				TargetAttributes = {
					743C73342BB6EDA3008392B9 = {
						CreatedOnToolsVersion = 15.2;
						LastSwiftMigration = 1520;
					};
				};
			};
			buildConfigurationList = 743C732F2BB6EDA3008392B9 /* Build configuration list for PBXProject "PathNavigator" */;
			compatibilityVersion = "Xcode 14.0";
			developmentRegion = en;
			hasScannedForEncodings = 0;
			knownRegions = (
				en,
				Base,
			);
			mainGroup = 743C732B2BB6EDA3008392B9;
			productRefGroup = 743C73362BB6EDA3008392B9 /* Products */;
			projectDirPath = "";
			projectRoot = "";
			targets = (
				743C73342BB6EDA3008392B9 /* PathNavigator */,
			);
		};
/* End PBXProject section */

/* Begin PBXResourcesBuildPhase section */
		743C73332BB6EDA3008392B9 /* Resources */ = {
			isa = PBXResourcesBuildPhase;
			buildActionMask = 2147483647;
			files = (
			);
			runOnlyForDeploymentPostprocessing = 0;
		};
/* End PBXResourcesBuildPhase section */

/* Begin PBXSourcesBuildPhase section */
		743C73312BB6EDA3008392B9 /* Sources */ = {
			isa = PBXSourcesBuildPhase;
			buildActionMask = 2147483647;
			files = (
				743C73472BB6EE1B008392B9 /* URLMatchResult.swift in Sources */,
				743C73502BB6EE21008392B9 /* NavigatorProtocol.swift in Sources */,
				743C73532BB6EE21008392B9 /* Navigator.swift in Sources */,
				743C73482BB6EE1B008392B9 /* URLPatchComponentMatchResult.swift in Sources */,
				743C73542BB6EE21008392B9 /* UIViewControllerType.swift in Sources */,
				743C734A2BB6EE1B008392B9 /* URLMatcher.swift in Sources */,
				743C73522BB6EE21008392B9 /* UIViewController+TopMostViewController.swift in Sources */,
				743C73462BB6EE1B008392B9 /* URLPathComponent.swift in Sources */,
				743C73512BB6EE21008392B9 /* NavigatorDelegate.swift in Sources */,
				743C73492BB6EE1B008392B9 /* URLConvertible.swift in Sources */,
			);
			runOnlyForDeploymentPostprocessing = 0;
		};
/* End PBXSourcesBuildPhase section */

/* Begin XCBuildConfiguration section */
		743C733A2BB6EDA3008392B9 /* Debug */ = {
			isa = XCBuildConfiguration;
			buildSettings = {
				ALWAYS_SEARCH_USER_PATHS = NO;
				ASSETCATALOG_COMPILER_GENERATE_SWIFT_ASSET_SYMBOL_EXTENSIONS = YES;
				CLANG_ANALYZER_NONNULL = YES;
				CLANG_ANALYZER_NUMBER_OBJECT_CONVERSION = YES_AGGRESSIVE;
				CLANG_CXX_LANGUAGE_STANDARD = "gnu++20";
				CLANG_ENABLE_MODULES = YES;
				CLANG_ENABLE_OBJC_ARC = YES;
				CLANG_ENABLE_OBJC_WEAK = YES;
				CLANG_WARN_BLOCK_CAPTURE_AUTORELEASING = YES;
				CLANG_WARN_BOOL_CONVERSION = YES;
				CLANG_WARN_COMMA = YES;
				CLANG_WARN_CONSTANT_CONVERSION = YES;
				CLANG_WARN_DEPRECATED_OBJC_IMPLEMENTATIONS = YES;
				CLANG_WARN_DIRECT_OBJC_ISA_USAGE = YES_ERROR;
				CLANG_WARN_DOCUMENTATION_COMMENTS = YES;
				CLANG_WARN_EMPTY_BODY = YES;
				CLANG_WARN_ENUM_CONVERSION = YES;
				CLANG_WARN_INFINITE_RECURSION = YES;
				CLANG_WARN_INT_CONVERSION = YES;
				CLANG_WARN_NON_LITERAL_NULL_CONVERSION = YES;
				CLANG_WARN_OBJC_IMPLICIT_RETAIN_SELF = YES;
				CLANG_WARN_OBJC_LITERAL_CONVERSION = YES;
				CLANG_WARN_OBJC_ROOT_CLASS = YES_ERROR;
				CLANG_WARN_QUOTED_INCLUDE_IN_FRAMEWORK_HEADER = YES;
				CLANG_WARN_RANGE_LOOP_ANALYSIS = YES;
				CLANG_WARN_STRICT_PROTOTYPES = YES;
				CLANG_WARN_SUSPICIOUS_MOVE = YES;
				CLANG_WARN_UNGUARDED_AVAILABILITY = YES_AGGRESSIVE;
				CLANG_WARN_UNREACHABLE_CODE = YES;
				CLANG_WARN__DUPLICATE_METHOD_MATCH = YES;
				COPY_PHASE_STRIP = NO;
				CURRENT_PROJECT_VERSION = 1;
				DEBUG_INFORMATION_FORMAT = dwarf;
				ENABLE_STRICT_OBJC_MSGSEND = YES;
				ENABLE_TESTABILITY = YES;
				ENABLE_USER_SCRIPT_SANDBOXING = YES;
				GCC_C_LANGUAGE_STANDARD = gnu17;
				GCC_DYNAMIC_NO_PIC = NO;
				GCC_NO_COMMON_BLOCKS = YES;
				GCC_OPTIMIZATION_LEVEL = 0;
				GCC_PREPROCESSOR_DEFINITIONS = (
					"DEBUG=1",
					"$(inherited)",
				);
				GCC_WARN_64_TO_32_BIT_CONVERSION = YES;
				GCC_WARN_ABOUT_RETURN_TYPE = YES_ERROR;
				GCC_WARN_UNDECLARED_SELECTOR = YES;
				GCC_WARN_UNINITIALIZED_AUTOS = YES_AGGRESSIVE;
				GCC_WARN_UNUSED_FUNCTION = YES;
				GCC_WARN_UNUSED_VARIABLE = YES;
				IPHONEOS_DEPLOYMENT_TARGET = 17.2;
				LOCALIZATION_PREFERS_STRING_CATALOGS = YES;
				MTL_ENABLE_DEBUG_INFO = INCLUDE_SOURCE;
				MTL_FAST_MATH = YES;
				ONLY_ACTIVE_ARCH = YES;
				SDKROOT = iphoneos;
				SWIFT_ACTIVE_COMPILATION_CONDITIONS = "DEBUG $(inherited)";
				SWIFT_OPTIMIZATION_LEVEL = "-Onone";
				VERSIONING_SYSTEM = "apple-generic";
				VERSION_INFO_PREFIX = "";
			};
			name = Debug;
		};
		743C733B2BB6EDA3008392B9 /* Release */ = {
			isa = XCBuildConfiguration;
			buildSettings = {
				ALWAYS_SEARCH_USER_PATHS = NO;
				ASSETCATALOG_COMPILER_GENERATE_SWIFT_ASSET_SYMBOL_EXTENSIONS = YES;
				CLANG_ANALYZER_NONNULL = YES;
				CLANG_ANALYZER_NUMBER_OBJECT_CONVERSION = YES_AGGRESSIVE;
				CLANG_CXX_LANGUAGE_STANDARD = "gnu++20";
				CLANG_ENABLE_MODULES = YES;
				CLANG_ENABLE_OBJC_ARC = YES;
				CLANG_ENABLE_OBJC_WEAK = YES;
				CLANG_WARN_BLOCK_CAPTURE_AUTORELEASING = YES;
				CLANG_WARN_BOOL_CONVERSION = YES;
				CLANG_WARN_COMMA = YES;
				CLANG_WARN_CONSTANT_CONVERSION = YES;
				CLANG_WARN_DEPRECATED_OBJC_IMPLEMENTATIONS = YES;
				CLANG_WARN_DIRECT_OBJC_ISA_USAGE = YES_ERROR;
				CLANG_WARN_DOCUMENTATION_COMMENTS = YES;
				CLANG_WARN_EMPTY_BODY = YES;
				CLANG_WARN_ENUM_CONVERSION = YES;
				CLANG_WARN_INFINITE_RECURSION = YES;
				CLANG_WARN_INT_CONVERSION = YES;
				CLANG_WARN_NON_LITERAL_NULL_CONVERSION = YES;
				CLANG_WARN_OBJC_IMPLICIT_RETAIN_SELF = YES;
				CLANG_WARN_OBJC_LITERAL_CONVERSION = YES;
				CLANG_WARN_OBJC_ROOT_CLASS = YES_ERROR;
				CLANG_WARN_QUOTED_INCLUDE_IN_FRAMEWORK_HEADER = YES;
				CLANG_WARN_RANGE_LOOP_ANALYSIS = YES;
				CLANG_WARN_STRICT_PROTOTYPES = YES;
				CLANG_WARN_SUSPICIOUS_MOVE = YES;
				CLANG_WARN_UNGUARDED_AVAILABILITY = YES_AGGRESSIVE;
				CLANG_WARN_UNREACHABLE_CODE = YES;
				CLANG_WARN__DUPLICATE_METHOD_MATCH = YES;
				COPY_PHASE_STRIP = NO;
				CURRENT_PROJECT_VERSION = 1;
				DEBUG_INFORMATION_FORMAT = "dwarf-with-dsym";
				ENABLE_NS_ASSERTIONS = NO;
				ENABLE_STRICT_OBJC_MSGSEND = YES;
				ENABLE_USER_SCRIPT_SANDBOXING = YES;
				GCC_C_LANGUAGE_STANDARD = gnu17;
				GCC_NO_COMMON_BLOCKS = YES;
				GCC_WARN_64_TO_32_BIT_CONVERSION = YES;
				GCC_WARN_ABOUT_RETURN_TYPE = YES_ERROR;
				GCC_WARN_UNDECLARED_SELECTOR = YES;
				GCC_WARN_UNINITIALIZED_AUTOS = YES_AGGRESSIVE;
				GCC_WARN_UNUSED_FUNCTION = YES;
				GCC_WARN_UNUSED_VARIABLE = YES;
				IPHONEOS_DEPLOYMENT_TARGET = 17.2;
				LOCALIZATION_PREFERS_STRING_CATALOGS = YES;
				MTL_ENABLE_DEBUG_INFO = NO;
				MTL_FAST_MATH = YES;
				SDKROOT = iphoneos;
				SWIFT_COMPILATION_MODE = wholemodule;
				VALIDATE_PRODUCT = YES;
				VERSIONING_SYSTEM = "apple-generic";
				VERSION_INFO_PREFIX = "";
			};
			name = Release;
		};
		743C733D2BB6EDA3008392B9 /* Debug */ = {
			isa = XCBuildConfiguration;
			buildSettings = {
				CLANG_ENABLE_MODULES = YES;
				CODE_SIGN_STYLE = Automatic;
				CURRENT_PROJECT_VERSION = 1;
				DEFINES_MODULE = YES;
				DEVELOPMENT_TEAM = 6T2Y89G2CV;
				DYLIB_COMPATIBILITY_VERSION = 1;
				DYLIB_CURRENT_VERSION = 1;
				DYLIB_INSTALL_NAME_BASE = "@rpath";
				ENABLE_MODULE_VERIFIER = YES;
				GENERATE_INFOPLIST_FILE = YES;
				INFOPLIST_KEY_NSHumanReadableCopyright = "";
				INSTALL_PATH = "$(LOCAL_LIBRARY_DIR)/Frameworks";
				LD_RUNPATH_SEARCH_PATHS = (
					"$(inherited)",
					"@executable_path/Frameworks",
					"@loader_path/Frameworks",
				);
				MARKETING_VERSION = 1.0;
				MODULE_VERIFIER_SUPPORTED_LANGUAGES = "objective-c objective-c++";
				MODULE_VERIFIER_SUPPORTED_LANGUAGE_STANDARDS = "gnu17 gnu++20";
				PRODUCT_BUNDLE_IDENTIFIER = com.navigator.PathNavigator;
				PRODUCT_NAME = "$(TARGET_NAME:c99extidentifier)";
				SKIP_INSTALL = YES;
				SWIFT_EMIT_LOC_STRINGS = YES;
				SWIFT_OPTIMIZATION_LEVEL = "-Onone";
				SWIFT_VERSION = 5.0;
				TARGETED_DEVICE_FAMILY = "1,2";
			};
			name = Debug;
		};
		743C733E2BB6EDA3008392B9 /* Release */ = {
			isa = XCBuildConfiguration;
			buildSettings = {
				CLANG_ENABLE_MODULES = YES;
				CODE_SIGN_STYLE = Automatic;
				CURRENT_PROJECT_VERSION = 1;
				DEFINES_MODULE = YES;
				DEVELOPMENT_TEAM = 6T2Y89G2CV;
				DYLIB_COMPATIBILITY_VERSION = 1;
				DYLIB_CURRENT_VERSION = 1;
				DYLIB_INSTALL_NAME_BASE = "@rpath";
				ENABLE_MODULE_VERIFIER = YES;
				GENERATE_INFOPLIST_FILE = YES;
				INFOPLIST_KEY_NSHumanReadableCopyright = "";
				INSTALL_PATH = "$(LOCAL_LIBRARY_DIR)/Frameworks";
				LD_RUNPATH_SEARCH_PATHS = (
					"$(inherited)",
					"@executable_path/Frameworks",
					"@loader_path/Frameworks",
				);
				MARKETING_VERSION = 1.0;
				MODULE_VERIFIER_SUPPORTED_LANGUAGES = "objective-c objective-c++";
				MODULE_VERIFIER_SUPPORTED_LANGUAGE_STANDARDS = "gnu17 gnu++20";
				PRODUCT_BUNDLE_IDENTIFIER = com.navigator.PathNavigator;
				PRODUCT_NAME = "$(TARGET_NAME:c99extidentifier)";
				SKIP_INSTALL = YES;
				SWIFT_EMIT_LOC_STRINGS = YES;
				SWIFT_VERSION = 5.0;
				TARGETED_DEVICE_FAMILY = "1,2";
			};
			name = Release;
		};
/* End XCBuildConfiguration section */

/* Begin XCConfigurationList section */
		743C732F2BB6EDA3008392B9 /* Build configuration list for PBXProject "PathNavigator" */ = {
			isa = XCConfigurationList;
			buildConfigurations = (
				743C733A2BB6EDA3008392B9 /* Debug */,
				743C733B2BB6EDA3008392B9 /* Release */,
			);
			defaultConfigurationIsVisible = 0;
			defaultConfigurationName = Release;
		};
		743C733C2BB6EDA3008392B9 /* Build configuration list for PBXNativeTarget "PathNavigator" */ = {
			isa = XCConfigurationList;
			buildConfigurations = (
				743C733D2BB6EDA3008392B9 /* Debug */,
				743C733E2BB6EDA3008392B9 /* Release */,
			);
			defaultConfigurationIsVisible = 0;
			defaultConfigurationName = Release;
		};
/* End XCConfigurationList section */
	};
	rootObject = 743C732C2BB6EDA3008392B9 /* Project object */;
}
